
Microsoft Visual Studio Solution File, Format Version 12.00
# Visual Studio Version 16
VisualStudioVersion = 16.0.31321.278
MinimumVisualStudioVersion = 10.0.40219.1
Project("{FAE04EC0-301F-11D3-BF4B-00C04F79EFBC}") = "VowelsCounterApp", "VowelsCounterApp\VowelsCounterApp.csproj", "{B6EB853C-E336-447A-A140-0C8F490B1FFB}"
EndProject
Global
	GlobalSection(SolutionConfigurationPlatforms) = preSolution
		Debug|Any CPU = Debug|Any CPU
		Release|Any CPU = Release|Any CPU
	EndGlobalSection
	GlobalSection(ProjectConfigurationPlatforms) = postSolution
		{B6EB853C-E336-447A-A140-0C8F490B1FFB}.Debug|Any CPU.ActiveCfg = Debug|Any CPU
		{B6EB853C-E336-447A-A140-0C8F490B1FFB}.Debug|Any CPU.Build.0 = Debug|Any CPU
		{B6EB853C-E336-447A-A140-0C8F490B1FFB}.Release|Any CPU.ActiveCfg = Release|Any CPU
		{B6EB853C-E336-447A-A140-0C8F490B1FFB}.Release|Any CPU.Build.0 = Release|Any CPU
	EndGlobalSection
	GlobalSection(SolutionProperties) = preSolution
		HideSolutionNode = FALSE
	EndGlobalSection
	GlobalSection(ExtensibilityGlobals) = postSolution
		SolutionGuid = {CB0324D8-28B1-4E63-803E-5A91911158E0}
	EndGlobalSection
EndGlobal
